
Microsoft Visual Studio Solution File, Format Version 12.00
# Visual Studio Version 16
VisualStudioVersion = 16.0.29709.97
MinimumVisualStudioVersion = 10.0.40219.1
Project("{2150E333-8FDC-42A3-9474-1A3956D46DE8}") = "Chap01", "Chap01", "{D46C26A5-8AB5-4377-B696-B1ECC6367DB8}"
EndProject
Project("{8BC9CEB8-8B4A-11D0-8D11-00A0C91BC942}") = "FirstApp", "FirstApp\FirstApp.vcxproj", "{8B23EDF2-EBA3-457D-838E-58BDB7015B3C}"
EndProject
Project("{8BC9CEB8-8B4A-11D0-8D11-00A0C91BC942}") = "TemplateTest", "TemplateTest\TemplateTest.vcxproj", "{44CDB3D2-7870-4942-8973-2EE4CF4FA74F}"
EndProject
Project("{2150E333-8FDC-42A3-9474-1A3956D46DE8}") = "Chap03", "Chap03", "{65D6E1E0-4E98-41EB-A2E2-1112B7B0CF52}"
EndProject
Project("{8BC9CEB8-8B4A-11D0-8D11-00A0C91BC942}") = "VarTest", "VarTest\VarTest.vcxproj", "{D8765420-7B09-4457-9B34-CA7E48DBDC1F}"
EndProject
Project("{2150E333-8FDC-42A3-9474-1A3956D46DE8}") = "Chap04", "Chap04", "{A0AD8F7E-C35E-4393-9B85-36C23B3C5075}"
EndProject
Project("{8BC9CEB8-8B4A-11D0-8D11-00A0C91BC942}") = "DivTest", "DivTest\DivTest.vcxproj", "{511FE517-72A5-4211-B938-98C5637297DD}"
EndProject
Project("{8BC9CEB8-8B4A-11D0-8D11-00A0C91BC942}") = "OpTest", "OpTest\OpTest.vcxproj", "{56AB91FD-4DDA-4711-BF28-1D68D80528AF}"
EndProject
Project("{2150E333-8FDC-42A3-9474-1A3956D46DE8}") = "Chap05", "Chap05", "{101F1D95-A127-48F3-AEE0-B482F8BF162E}"
EndProject
Project("{8BC9CEB8-8B4A-11D0-8D11-00A0C91BC942}") = "IfTest", "IfTest\IfTest.vcxproj", "{ADEB7EEC-4FD8-4386-9710-1053995D36CA}"
EndProject
Project("{2150E333-8FDC-42A3-9474-1A3956D46DE8}") = "Chap19", "Chap19", "{128EC896-99F3-4EAE-ABD0-3B6A864D5650}"
EndProject
Project("{8BC9CEB8-8B4A-11D0-8D11-00A0C91BC942}") = "StandardApp", "StandardApp\StandardApp.vcxproj", "{4CBADB5D-1ABB-4B18-89E6-B632C02860E8}"
EndProject
Project("{8BC9CEB8-8B4A-11D0-8D11-00A0C91BC942}") = "DivideSrcApp", "DivideSrcApp\DivideSrcApp.vcxproj", "{9C89B78D-058B-4FDD-8D08-E05D84101930}"
EndProject
Project("{8BC9CEB8-8B4A-11D0-8D11-00A0C91BC942}") = "ExternStaticApp", "ExternStaticApp\ExternStaticApp.vcxproj", "{1F64FCC3-2A9E-49EC-9A6B-E1D4FE739E07}"
EndProject
Project("{8BC9CEB8-8B4A-11D0-8D11-00A0C91BC942}") = "DupTestApp", "DupTestApp\DupTestApp.vcxproj", "{0F2887FF-CC42-49A4-B1A8-96A84A6C471C}"
EndProject
Project("{2150E333-8FDC-42A3-9474-1A3956D46DE8}") = "Add", "Add", "{7AA77CE9-7AE1-45F0-A667-DC8811DF75F4}"
EndProject
Project("{8BC9CEB8-8B4A-11D0-8D11-00A0C91BC942}") = "SelectionSort", "SelectionSort\SelectionSort.vcxproj", "{E0880B8F-B7FC-4324-9AD8-C52A52D47B72}"
EndProject
Project("{2150E333-8FDC-42A3-9474-1A3956D46DE8}") = "Chap20", "Chap20", "{EF718C25-07A9-4A4E-A4BE-2CF729F7E358}"
EndProject
Project("{8BC9CEB8-8B4A-11D0-8D11-00A0C91BC942}") = "CMathLib", "CMathLib\CMathLib.vcxproj", "{87584BB4-C349-457F-B039-B8A0E5BEE87F}"
EndProject
Project("{8BC9CEB8-8B4A-11D0-8D11-00A0C91BC942}") = "UsingStaticLib", "UsingStaticLib\UsingStaticLib.vcxproj", "{9C95BF35-0D91-4F90-BAA1-2DD2C226E3FB}"
EndProject
Project("{8BC9CEB8-8B4A-11D0-8D11-00A0C91BC942}") = "MyMathLib", "MyMathLib\MyMathLib.vcxproj", "{50BDF5AA-1299-45D3-A290-1FD4AA44EA2A}"
EndProject
Project("{8BC9CEB8-8B4A-11D0-8D11-00A0C91BC942}") = "UsingDynLib", "UsingDynLib\UsingDynLib.vcxproj", "{5C8AB993-A1F5-4838-8C35-4C51C4C58F40}"
EndProject
Project("{8BC9CEB8-8B4A-11D0-8D11-00A0C91BC942}") = "MySqlTestApp", "MySqlTestApp\MySqlTestApp.vcxproj", "{9A31D34E-020C-4438-85A9-DB862EA690F3}"
EndProject
Project("{2150E333-8FDC-42A3-9474-1A3956D46DE8}") = "Chap21", "Chap21", "{18D5E2AF-508D-4602-BF89-3A17633F776D}"
EndProject
Project("{8BC9CEB8-8B4A-11D0-8D11-00A0C91BC942}") = "JSONCParser", "JSONCParser\JSONCParser.vcxproj", "{FF8BA21B-25C6-4BD0-84F1-6970147F58CC}"
EndProject
Project("{8BC9CEB8-8B4A-11D0-8D11-00A0C91BC942}") = "UsingParser", "UsingParser\UsingParser.vcxproj", "{1C543EC1-E4FF-4C68-9A6A-6BFCB3E1FCA3}"
EndProject
Project("{2150E333-8FDC-42A3-9474-1A3956D46DE8}") = "Exam", "Exam", "{18F0F8F4-BB99-4894-993E-B8741A0F327A}"
EndProject
Project("{8BC9CEB8-8B4A-11D0-8D11-00A0C91BC942}") = "exam01", "exam01\exam01.vcxproj", "{A3C08EE9-E13A-4000-9B61-74DA291BC549}"
EndProject
Project("{8BC9CEB8-8B4A-11D0-8D11-00A0C91BC942}") = "exam02", "exam02\exam02.vcxproj", "{EA32E225-D817-4F05-8334-E3CD3A0312A7}"
EndProject
Global
	GlobalSection(SolutionConfigurationPlatforms) = preSolution
		Debug|x64 = Debug|x64
		Debug|x86 = Debug|x86
		Release|x64 = Release|x64
		Release|x86 = Release|x86
	EndGlobalSection
	GlobalSection(ProjectConfigurationPlatforms) = postSolution
		{8B23EDF2-EBA3-457D-838E-58BDB7015B3C}.Debug|x64.ActiveCfg = Debug|x64
		{8B23EDF2-EBA3-457D-838E-58BDB7015B3C}.Debug|x64.Build.0 = Debug|x64
		{8B23EDF2-EBA3-457D-838E-58BDB7015B3C}.Debug|x86.ActiveCfg = Debug|Win32
		{8B23EDF2-EBA3-457D-838E-58BDB7015B3C}.Debug|x86.Build.0 = Debug|Win32
		{8B23EDF2-EBA3-457D-838E-58BDB7015B3C}.Release|x64.ActiveCfg = Release|x64
		{8B23EDF2-EBA3-457D-838E-58BDB7015B3C}.Release|x64.Build.0 = Release|x64
		{8B23EDF2-EBA3-457D-838E-58BDB7015B3C}.Release|x86.ActiveCfg = Release|Win32
		{8B23EDF2-EBA3-457D-838E-58BDB7015B3C}.Release|x86.Build.0 = Release|Win32
		{44CDB3D2-7870-4942-8973-2EE4CF4FA74F}.Debug|x64.ActiveCfg = Debug|x64
		{44CDB3D2-7870-4942-8973-2EE4CF4FA74F}.Debug|x64.Build.0 = Debug|x64
		{44CDB3D2-7870-4942-8973-2EE4CF4FA74F}.Debug|x86.ActiveCfg = Debug|Win32
		{44CDB3D2-7870-4942-8973-2EE4CF4FA74F}.Debug|x86.Build.0 = Debug|Win32
		{44CDB3D2-7870-4942-8973-2EE4CF4FA74F}.Release|x64.ActiveCfg = Release|x64
		{44CDB3D2-7870-4942-8973-2EE4CF4FA74F}.Release|x64.Build.0 = Release|x64
		{44CDB3D2-7870-4942-8973-2EE4CF4FA74F}.Release|x86.ActiveCfg = Release|Win32
		{44CDB3D2-7870-4942-8973-2EE4CF4FA74F}.Release|x86.Build.0 = Release|Win32
		{D8765420-7B09-4457-9B34-CA7E48DBDC1F}.Debug|x64.ActiveCfg = Debug|x64
		{D8765420-7B09-4457-9B34-CA7E48DBDC1F}.Debug|x64.Build.0 = Debug|x64
		{D8765420-7B09-4457-9B34-CA7E48DBDC1F}.Debug|x86.ActiveCfg = Debug|Win32
		{D8765420-7B09-4457-9B34-CA7E48DBDC1F}.Debug|x86.Build.0 = Debug|Win32
		{D8765420-7B09-4457-9B34-CA7E48DBDC1F}.Release|x64.ActiveCfg = Release|x64
		{D8765420-7B09-4457-9B34-CA7E48DBDC1F}.Release|x64.Build.0 = Release|x64
		{D8765420-7B09-4457-9B34-CA7E48DBDC1F}.Release|x86.ActiveCfg = Release|Win32
		{D8765420-7B09-4457-9B34-CA7E48DBDC1F}.Release|x86.Build.0 = Release|Win32
		{511FE517-72A5-4211-B938-98C5637297DD}.Debug|x64.ActiveCfg = Debug|x64
		{511FE517-72A5-4211-B938-98C5637297DD}.Debug|x64.Build.0 = Debug|x64
		{511FE517-72A5-4211-B938-98C5637297DD}.Debug|x86.ActiveCfg = Debug|Win32
		{511FE517-72A5-4211-B938-98C5637297DD}.Debug|x86.Build.0 = Debug|Win32
		{511FE517-72A5-4211-B938-98C5637297DD}.Release|x64.ActiveCfg = Release|x64
		{511FE517-72A5-4211-B938-98C5637297DD}.Release|x64.Build.0 = Release|x64
		{511FE517-72A5-4211-B938-98C5637297DD}.Release|x86.ActiveCfg = Release|Win32
		{511FE517-72A5-4211-B938-98C5637297DD}.Release|x86.Build.0 = Release|Win32
		{56AB91FD-4DDA-4711-BF28-1D68D80528AF}.Debug|x64.ActiveCfg = Debug|x64
		{56AB91FD-4DDA-4711-BF28-1D68D80528AF}.Debug|x64.Build.0 = Debug|x64
		{56AB91FD-4DDA-4711-BF28-1D68D80528AF}.Debug|x86.ActiveCfg = Debug|Win32
		{56AB91FD-4DDA-4711-BF28-1D68D80528AF}.Debug|x86.Build.0 = Debug|Win32
		{56AB91FD-4DDA-4711-BF28-1D68D80528AF}.Release|x64.ActiveCfg = Release|x64
		{56AB91FD-4DDA-4711-BF28-1D68D80528AF}.Release|x64.Build.0 = Release|x64
		{56AB91FD-4DDA-4711-BF28-1D68D80528AF}.Release|x86.ActiveCfg = Release|Win32
		{56AB91FD-4DDA-4711-BF28-1D68D80528AF}.Release|x86.Build.0 = Release|Win32
		{ADEB7EEC-4FD8-4386-9710-1053995D36CA}.Debug|x64.ActiveCfg = Debug|x64
		{ADEB7EEC-4FD8-4386-9710-1053995D36CA}.Debug|x64.Build.0 = Debug|x64
		{ADEB7EEC-4FD8-4386-9710-1053995D36CA}.Debug|x86.ActiveCfg = Debug|Win32
		{ADEB7EEC-4FD8-4386-9710-1053995D36CA}.Debug|x86.Build.0 = Debug|Win32
		{ADEB7EEC-4FD8-4386-9710-1053995D36CA}.Release|x64.ActiveCfg = Release|x64
		{ADEB7EEC-4FD8-4386-9710-1053995D36CA}.Release|x64.Build.0 = Release|x64
		{ADEB7EEC-4FD8-4386-9710-1053995D36CA}.Release|x86.ActiveCfg = Release|Win32
		{ADEB7EEC-4FD8-4386-9710-1053995D36CA}.Release|x86.Build.0 = Release|Win32
		{4CBADB5D-1ABB-4B18-89E6-B632C02860E8}.Debug|x64.ActiveCfg = Debug|x64
		{4CBADB5D-1ABB-4B18-89E6-B632C02860E8}.Debug|x64.Build.0 = Debug|x64
		{4CBADB5D-1ABB-4B18-89E6-B632C02860E8}.Debug|x86.ActiveCfg = Debug|Win32
		{4CBADB5D-1ABB-4B18-89E6-B632C02860E8}.Debug|x86.Build.0 = Debug|Win32
		{4CBADB5D-1ABB-4B18-89E6-B632C02860E8}.Release|x64.ActiveCfg = Release|x64
		{4CBADB5D-1ABB-4B18-89E6-B632C02860E8}.Release|x64.Build.0 = Release|x64
		{4CBADB5D-1ABB-4B18-89E6-B632C02860E8}.Release|x86.ActiveCfg = Release|Win32
		{4CBADB5D-1ABB-4B18-89E6-B632C02860E8}.Release|x86.Build.0 = Release|Win32
		{9C89B78D-058B-4FDD-8D08-E05D84101930}.Debug|x64.ActiveCfg = Debug|x64
		{9C89B78D-058B-4FDD-8D08-E05D84101930}.Debug|x64.Build.0 = Debug|x64
		{9C89B78D-058B-4FDD-8D08-E05D84101930}.Debug|x86.ActiveCfg = Debug|Win32
		{9C89B78D-058B-4FDD-8D08-E05D84101930}.Debug|x86.Build.0 = Debug|Win32
		{9C89B78D-058B-4FDD-8D08-E05D84101930}.Release|x64.ActiveCfg = Release|x64
		{9C89B78D-058B-4FDD-8D08-E05D84101930}.Release|x64.Build.0 = Release|x64
		{9C89B78D-058B-4FDD-8D08-E05D84101930}.Release|x86.ActiveCfg = Release|Win32
		{9C89B78D-058B-4FDD-8D08-E05D84101930}.Release|x86.Build.0 = Release|Win32
		{1F64FCC3-2A9E-49EC-9A6B-E1D4FE739E07}.Debug|x64.ActiveCfg = Debug|x64
		{1F64FCC3-2A9E-49EC-9A6B-E1D4FE739E07}.Debug|x64.Build.0 = Debug|x64
		{1F64FCC3-2A9E-49EC-9A6B-E1D4FE739E07}.Debug|x86.ActiveCfg = Debug|Win32
		{1F64FCC3-2A9E-49EC-9A6B-E1D4FE739E07}.Debug|x86.Build.0 = Debug|Win32
		{1F64FCC3-2A9E-49EC-9A6B-E1D4FE739E07}.Release|x64.ActiveCfg = Release|x64
		{1F64FCC3-2A9E-49EC-9A6B-E1D4FE739E07}.Release|x64.Build.0 = Release|x64
		{1F64FCC3-2A9E-49EC-9A6B-E1D4FE739E07}.Release|x86.ActiveCfg = Release|Win32
		{1F64FCC3-2A9E-49EC-9A6B-E1D4FE739E07}.Release|x86.Build.0 = Release|Win32
		{0F2887FF-CC42-49A4-B1A8-96A84A6C471C}.Debug|x64.ActiveCfg = Debug|x64
		{0F2887FF-CC42-49A4-B1A8-96A84A6C471C}.Debug|x64.Build.0 = Debug|x64
		{0F2887FF-CC42-49A4-B1A8-96A84A6C471C}.Debug|x86.ActiveCfg = Debug|Win32
		{0F2887FF-CC42-49A4-B1A8-96A84A6C471C}.Debug|x86.Build.0 = Debug|Win32
		{0F2887FF-CC42-49A4-B1A8-96A84A6C471C}.Release|x64.ActiveCfg = Release|x64
		{0F2887FF-CC42-49A4-B1A8-96A84A6C471C}.Release|x64.Build.0 = Release|x64
		{0F2887FF-CC42-49A4-B1A8-96A84A6C471C}.Release|x86.ActiveCfg = Release|Win32
		{0F2887FF-CC42-49A4-B1A8-96A84A6C471C}.Release|x86.Build.0 = Release|Win32
		{E0880B8F-B7FC-4324-9AD8-C52A52D47B72}.Debug|x64.ActiveCfg = Debug|x64
		{E0880B8F-B7FC-4324-9AD8-C52A52D47B72}.Debug|x64.Build.0 = Debug|x64
		{E0880B8F-B7FC-4324-9AD8-C52A52D47B72}.Debug|x86.ActiveCfg = Debug|Win32
		{E0880B8F-B7FC-4324-9AD8-C52A52D47B72}.Debug|x86.Build.0 = Debug|Win32
		{E0880B8F-B7FC-4324-9AD8-C52A52D47B72}.Release|x64.ActiveCfg = Release|x64
		{E0880B8F-B7FC-4324-9AD8-C52A52D47B72}.Release|x64.Build.0 = Release|x64
		{E0880B8F-B7FC-4324-9AD8-C52A52D47B72}.Release|x86.ActiveCfg = Release|Win32
		{E0880B8F-B7FC-4324-9AD8-C52A52D47B72}.Release|x86.Build.0 = Release|Win32
		{87584BB4-C349-457F-B039-B8A0E5BEE87F}.Debug|x64.ActiveCfg = Debug|x64
		{87584BB4-C349-457F-B039-B8A0E5BEE87F}.Debug|x64.Build.0 = Debug|x64
		{87584BB4-C349-457F-B039-B8A0E5BEE87F}.Debug|x86.ActiveCfg = Debug|Win32
		{87584BB4-C349-457F-B039-B8A0E5BEE87F}.Debug|x86.Build.0 = Debug|Win32
		{87584BB4-C349-457F-B039-B8A0E5BEE87F}.Release|x64.ActiveCfg = Release|x64
		{87584BB4-C349-457F-B039-B8A0E5BEE87F}.Release|x64.Build.0 = Release|x64
		{87584BB4-C349-457F-B039-B8A0E5BEE87F}.Release|x86.ActiveCfg = Release|Win32
		{87584BB4-C349-457F-B039-B8A0E5BEE87F}.Release|x86.Build.0 = Release|Win32
		{9C95BF35-0D91-4F90-BAA1-2DD2C226E3FB}.Debug|x64.ActiveCfg = Debug|x64
		{9C95BF35-0D91-4F90-BAA1-2DD2C226E3FB}.Debug|x64.Build.0 = Debug|x64
		{9C95BF35-0D91-4F90-BAA1-2DD2C226E3FB}.Debug|x86.ActiveCfg = Debug|Win32
		{9C95BF35-0D91-4F90-BAA1-2DD2C226E3FB}.Debug|x86.Build.0 = Debug|Win32
		{9C95BF35-0D91-4F90-BAA1-2DD2C226E3FB}.Release|x64.ActiveCfg = Release|x64
		{9C95BF35-0D91-4F90-BAA1-2DD2C226E3FB}.Release|x64.Build.0 = Release|x64
		{9C95BF35-0D91-4F90-BAA1-2DD2C226E3FB}.Release|x86.ActiveCfg = Release|Win32
		{9C95BF35-0D91-4F90-BAA1-2DD2C226E3FB}.Release|x86.Build.0 = Release|Win32
		{50BDF5AA-1299-45D3-A290-1FD4AA44EA2A}.Debug|x64.ActiveCfg = Debug|x64
		{50BDF5AA-1299-45D3-A290-1FD4AA44EA2A}.Debug|x64.Build.0 = Debug|x64
		{50BDF5AA-1299-45D3-A290-1FD4AA44EA2A}.Debug|x86.ActiveCfg = Debug|Win32
		{50BDF5AA-1299-45D3-A290-1FD4AA44EA2A}.Debug|x86.Build.0 = Debug|Win32
		{50BDF5AA-1299-45D3-A290-1FD4AA44EA2A}.Release|x64.ActiveCfg = Release|x64
		{50BDF5AA-1299-45D3-A290-1FD4AA44EA2A}.Release|x64.Build.0 = Release|x64
		{50BDF5AA-1299-45D3-A290-1FD4AA44EA2A}.Release|x86.ActiveCfg = Release|Win32
		{50BDF5AA-1299-45D3-A290-1FD4AA44EA2A}.Release|x86.Build.0 = Release|Win32
		{5C8AB993-A1F5-4838-8C35-4C51C4C58F40}.Debug|x64.ActiveCfg = Debug|x64
		{5C8AB993-A1F5-4838-8C35-4C51C4C58F40}.Debug|x64.Build.0 = Debug|x64
		{5C8AB993-A1F5-4838-8C35-4C51C4C58F40}.Debug|x86.ActiveCfg = Debug|Win32
		{5C8AB993-A1F5-4838-8C35-4C51C4C58F40}.Debug|x86.Build.0 = Debug|Win32
		{5C8AB993-A1F5-4838-8C35-4C51C4C58F40}.Release|x64.ActiveCfg = Release|x64
		{5C8AB993-A1F5-4838-8C35-4C51C4C58F40}.Release|x64.Build.0 = Release|x64
		{5C8AB993-A1F5-4838-8C35-4C51C4C58F40}.Release|x86.ActiveCfg = Release|Win32
		{5C8AB993-A1F5-4838-8C35-4C51C4C58F40}.Release|x86.Build.0 = Release|Win32
		{9A31D34E-020C-4438-85A9-DB862EA690F3}.Debug|x64.ActiveCfg = Debug|x64
		{9A31D34E-020C-4438-85A9-DB862EA690F3}.Debug|x64.Build.0 = Debug|x64
		{9A31D34E-020C-4438-85A9-DB862EA690F3}.Debug|x86.ActiveCfg = Debug|Win32
		{9A31D34E-020C-4438-85A9-DB862EA690F3}.Debug|x86.Build.0 = Debug|Win32
		{9A31D34E-020C-4438-85A9-DB862EA690F3}.Release|x64.ActiveCfg = Release|x64
		{9A31D34E-020C-4438-85A9-DB862EA690F3}.Release|x64.Build.0 = Release|x64
		{9A31D34E-020C-4438-85A9-DB862EA690F3}.Release|x86.ActiveCfg = Release|Win32
		{9A31D34E-020C-4438-85A9-DB862EA690F3}.Release|x86.Build.0 = Release|Win32
		{FF8BA21B-25C6-4BD0-84F1-6970147F58CC}.Debug|x64.ActiveCfg = Debug|x64
		{FF8BA21B-25C6-4BD0-84F1-6970147F58CC}.Debug|x64.Build.0 = Debug|x64
		{FF8BA21B-25C6-4BD0-84F1-6970147F58CC}.Debug|x86.ActiveCfg = Debug|Win32
		{FF8BA21B-25C6-4BD0-84F1-6970147F58CC}.Debug|x86.Build.0 = Debug|Win32
		{FF8BA21B-25C6-4BD0-84F1-6970147F58CC}.Release|x64.ActiveCfg = Release|x64
		{FF8BA21B-25C6-4BD0-84F1-6970147F58CC}.Release|x64.Build.0 = Release|x64
		{FF8BA21B-25C6-4BD0-84F1-6970147F58CC}.Release|x86.ActiveCfg = Release|Win32
		{FF8BA21B-25C6-4BD0-84F1-6970147F58CC}.Release|x86.Build.0 = Release|Win32
		{1C543EC1-E4FF-4C68-9A6A-6BFCB3E1FCA3}.Debug|x64.ActiveCfg = Debug|x64
		{1C543EC1-E4FF-4C68-9A6A-6BFCB3E1FCA3}.Debug|x64.Build.0 = Debug|x64
		{1C543EC1-E4FF-4C68-9A6A-6BFCB3E1FCA3}.Debug|x86.ActiveCfg = Debug|Win32
		{1C543EC1-E4FF-4C68-9A6A-6BFCB3E1FCA3}.Debug|x86.Build.0 = Debug|Win32
		{1C543EC1-E4FF-4C68-9A6A-6BFCB3E1FCA3}.Release|x64.ActiveCfg = Release|x64
		{1C543EC1-E4FF-4C68-9A6A-6BFCB3E1FCA3}.Release|x64.Build.0 = Release|x64
		{1C543EC1-E4FF-4C68-9A6A-6BFCB3E1FCA3}.Release|x86.ActiveCfg = Release|Win32
		{1C543EC1-E4FF-4C68-9A6A-6BFCB3E1FCA3}.Release|x86.Build.0 = Release|Win32
		{A3C08EE9-E13A-4000-9B61-74DA291BC549}.Debug|x64.ActiveCfg = Debug|x64
		{A3C08EE9-E13A-4000-9B61-74DA291BC549}.Debug|x64.Build.0 = Debug|x64
		{A3C08EE9-E13A-4000-9B61-74DA291BC549}.Debug|x86.ActiveCfg = Debug|Win32
		{A3C08EE9-E13A-4000-9B61-74DA291BC549}.Debug|x86.Build.0 = Debug|Win32
		{A3C08EE9-E13A-4000-9B61-74DA291BC549}.Release|x64.ActiveCfg = Release|x64
		{A3C08EE9-E13A-4000-9B61-74DA291BC549}.Release|x64.Build.0 = Release|x64
		{A3C08EE9-E13A-4000-9B61-74DA291BC549}.Release|x86.ActiveCfg = Release|Win32
		{A3C08EE9-E13A-4000-9B61-74DA291BC549}.Release|x86.Build.0 = Release|Win32
		{EA32E225-D817-4F05-8334-E3CD3A0312A7}.Debug|x64.ActiveCfg = Debug|x64
		{EA32E225-D817-4F05-8334-E3CD3A0312A7}.Debug|x64.Build.0 = Debug|x64
		{EA32E225-D817-4F05-8334-E3CD3A0312A7}.Debug|x86.ActiveCfg = Debug|Win32
		{EA32E225-D817-4F05-8334-E3CD3A0312A7}.Debug|x86.Build.0 = Debug|Win32
		{EA32E225-D817-4F05-8334-E3CD3A0312A7}.Release|x64.ActiveCfg = Release|x64
		{EA32E225-D817-4F05-8334-E3CD3A0312A7}.Release|x64.Build.0 = Release|x64
		{EA32E225-D817-4F05-8334-E3CD3A0312A7}.Release|x86.ActiveCfg = Release|Win32
		{EA32E225-D817-4F05-8334-E3CD3A0312A7}.Release|x86.Build.0 = Release|Win32
	EndGlobalSection
	GlobalSection(SolutionProperties) = preSolution
		HideSolutionNode = FALSE
	EndGlobalSection
	GlobalSection(NestedProjects) = preSolution
		{8B23EDF2-EBA3-457D-838E-58BDB7015B3C} = {D46C26A5-8AB5-4377-B696-B1ECC6367DB8}
		{44CDB3D2-7870-4942-8973-2EE4CF4FA74F} = {D46C26A5-8AB5-4377-B696-B1ECC6367DB8}
		{D8765420-7B09-4457-9B34-CA7E48DBDC1F} = {65D6E1E0-4E98-41EB-A2E2-1112B7B0CF52}
		{511FE517-72A5-4211-B938-98C5637297DD} = {A0AD8F7E-C35E-4393-9B85-36C23B3C5075}
		{56AB91FD-4DDA-4711-BF28-1D68D80528AF} = {A0AD8F7E-C35E-4393-9B85-36C23B3C5075}
		{ADEB7EEC-4FD8-4386-9710-1053995D36CA} = {101F1D95-A127-48F3-AEE0-B482F8BF162E}
		{4CBADB5D-1ABB-4B18-89E6-B632C02860E8} = {128EC896-99F3-4EAE-ABD0-3B6A864D5650}
		{9C89B78D-058B-4FDD-8D08-E05D84101930} = {128EC896-99F3-4EAE-ABD0-3B6A864D5650}
		{1F64FCC3-2A9E-49EC-9A6B-E1D4FE739E07} = {128EC896-99F3-4EAE-ABD0-3B6A864D5650}
		{0F2887FF-CC42-49A4-B1A8-96A84A6C471C} = {128EC896-99F3-4EAE-ABD0-3B6A864D5650}
		{E0880B8F-B7FC-4324-9AD8-C52A52D47B72} = {7AA77CE9-7AE1-45F0-A667-DC8811DF75F4}
		{87584BB4-C349-457F-B039-B8A0E5BEE87F} = {EF718C25-07A9-4A4E-A4BE-2CF729F7E358}
		{9C95BF35-0D91-4F90-BAA1-2DD2C226E3FB} = {EF718C25-07A9-4A4E-A4BE-2CF729F7E358}
		{50BDF5AA-1299-45D3-A290-1FD4AA44EA2A} = {EF718C25-07A9-4A4E-A4BE-2CF729F7E358}
		{5C8AB993-A1F5-4838-8C35-4C51C4C58F40} = {EF718C25-07A9-4A4E-A4BE-2CF729F7E358}
		{9A31D34E-020C-4438-85A9-DB862EA690F3} = {EF718C25-07A9-4A4E-A4BE-2CF729F7E358}
		{FF8BA21B-25C6-4BD0-84F1-6970147F58CC} = {18D5E2AF-508D-4602-BF89-3A17633F776D}
		{1C543EC1-E4FF-4C68-9A6A-6BFCB3E1FCA3} = {18D5E2AF-508D-4602-BF89-3A17633F776D}
		{A3C08EE9-E13A-4000-9B61-74DA291BC549} = {18F0F8F4-BB99-4894-993E-B8741A0F327A}
		{EA32E225-D817-4F05-8334-E3CD3A0312A7} = {18F0F8F4-BB99-4894-993E-B8741A0F327A}
	EndGlobalSection
	GlobalSection(ExtensibilityGlobals) = postSolution
		SolutionGuid = {F2C902F6-8AD0-4E6F-A0ED-88E17EF423D5}
	EndGlobalSection
EndGlobal
