
Microsoft Visual Studio Solution File, Format Version 12.00
# Visual Studio Version 16
VisualStudioVersion = 16.0.29709.97
MinimumVisualStudioVersion = 10.0.40219.1
Project("{2150E333-8FDC-42A3-9474-1A3956D46DE8}") = "Chap01", "Chap01", "{D46C26A5-8AB5-4377-B696-B1ECC6367DB8}"
EndProject
Project("{8BC9CEB8-8B4A-11D0-8D11-00A0C91BC942}") = "FirstApp", "FirstApp\FirstApp.vcxproj", "{8B23EDF2-EBA3-457D-838E-58BDB7015B3C}"
EndProject
Project("{8BC9CEB8-8B4A-11D0-8D11-00A0C91BC942}") = "TemplateTest", "TemplateTest\TemplateTest.vcxproj", "{44CDB3D2-7870-4942-8973-2EE4CF4FA74F}"
EndProject
Project("{2150E333-8FDC-42A3-9474-1A3956D46DE8}") = "Chap03", "Chap03", "{65D6E1E0-4E98-41EB-A2E2-1112B7B0CF52}"
EndProject
Project("{8BC9CEB8-8B4A-11D0-8D11-00A0C91BC942}") = "VarTest", "VarTest\VarTest.vcxproj", "{D8765420-7B09-4457-9B34-CA7E48DBDC1F}"
EndProject
Project("{2150E333-8FDC-42A3-9474-1A3956D46DE8}") = "Chap04", "Chap04", "{A0AD8F7E-C35E-4393-9B85-36C23B3C5075}"
EndProject
Project("{8BC9CEB8-8B4A-11D0-8D11-00A0C91BC942}") = "DivTest", "DivTest\DivTest.vcxproj", "{511FE517-72A5-4211-B938-98C5637297DD}"
EndProject
Project("{8BC9CEB8-8B4A-11D0-8D11-00A0C91BC942}") = "OpTest", "OpTest\OpTest.vcxproj", "{56AB91FD-4DDA-4711-BF28-1D68D80528AF}"
EndProject
Global
	GlobalSection(SolutionConfigurationPlatforms) = preSolution
		Debug|x64 = Debug|x64
		Debug|x86 = Debug|x86
		Release|x64 = Release|x64
		Release|x86 = Release|x86
	EndGlobalSection
	GlobalSection(ProjectConfigurationPlatforms) = postSolution
		{8B23EDF2-EBA3-457D-838E-58BDB7015B3C}.Debug|x64.ActiveCfg = Debug|x64
		{8B23EDF2-EBA3-457D-838E-58BDB7015B3C}.Debug|x64.Build.0 = Debug|x64
		{8B23EDF2-EBA3-457D-838E-58BDB7015B3C}.Debug|x86.ActiveCfg = Debug|Win32
		{8B23EDF2-EBA3-457D-838E-58BDB7015B3C}.Debug|x86.Build.0 = Debug|Win32
		{8B23EDF2-EBA3-457D-838E-58BDB7015B3C}.Release|x64.ActiveCfg = Release|x64
		{8B23EDF2-EBA3-457D-838E-58BDB7015B3C}.Release|x64.Build.0 = Release|x64
		{8B23EDF2-EBA3-457D-838E-58BDB7015B3C}.Release|x86.ActiveCfg = Release|Win32
		{8B23EDF2-EBA3-457D-838E-58BDB7015B3C}.Release|x86.Build.0 = Release|Win32
		{44CDB3D2-7870-4942-8973-2EE4CF4FA74F}.Debug|x64.ActiveCfg = Debug|x64
		{44CDB3D2-7870-4942-8973-2EE4CF4FA74F}.Debug|x64.Build.0 = Debug|x64
		{44CDB3D2-7870-4942-8973-2EE4CF4FA74F}.Debug|x86.ActiveCfg = Debug|Win32
		{44CDB3D2-7870-4942-8973-2EE4CF4FA74F}.Debug|x86.Build.0 = Debug|Win32
		{44CDB3D2-7870-4942-8973-2EE4CF4FA74F}.Release|x64.ActiveCfg = Release|x64
		{44CDB3D2-7870-4942-8973-2EE4CF4FA74F}.Release|x64.Build.0 = Release|x64
		{44CDB3D2-7870-4942-8973-2EE4CF4FA74F}.Release|x86.ActiveCfg = Release|Win32
		{44CDB3D2-7870-4942-8973-2EE4CF4FA74F}.Release|x86.Build.0 = Release|Win32
		{D8765420-7B09-4457-9B34-CA7E48DBDC1F}.Debug|x64.ActiveCfg = Debug|x64
		{D8765420-7B09-4457-9B34-CA7E48DBDC1F}.Debug|x64.Build.0 = Debug|x64
		{D8765420-7B09-4457-9B34-CA7E48DBDC1F}.Debug|x86.ActiveCfg = Debug|Win32
		{D8765420-7B09-4457-9B34-CA7E48DBDC1F}.Debug|x86.Build.0 = Debug|Win32
		{D8765420-7B09-4457-9B34-CA7E48DBDC1F}.Release|x64.ActiveCfg = Release|x64
		{D8765420-7B09-4457-9B34-CA7E48DBDC1F}.Release|x64.Build.0 = Release|x64
		{D8765420-7B09-4457-9B34-CA7E48DBDC1F}.Release|x86.ActiveCfg = Release|Win32
		{D8765420-7B09-4457-9B34-CA7E48DBDC1F}.Release|x86.Build.0 = Release|Win32
		{511FE517-72A5-4211-B938-98C5637297DD}.Debug|x64.ActiveCfg = Debug|x64
		{511FE517-72A5-4211-B938-98C5637297DD}.Debug|x64.Build.0 = Debug|x64
		{511FE517-72A5-4211-B938-98C5637297DD}.Debug|x86.ActiveCfg = Debug|Win32
		{511FE517-72A5-4211-B938-98C5637297DD}.Debug|x86.Build.0 = Debug|Win32
		{511FE517-72A5-4211-B938-98C5637297DD}.Release|x64.ActiveCfg = Release|x64
		{511FE517-72A5-4211-B938-98C5637297DD}.Release|x64.Build.0 = Release|x64
		{511FE517-72A5-4211-B938-98C5637297DD}.Release|x86.ActiveCfg = Release|Win32
		{511FE517-72A5-4211-B938-98C5637297DD}.Release|x86.Build.0 = Release|Win32
		{56AB91FD-4DDA-4711-BF28-1D68D80528AF}.Debug|x64.ActiveCfg = Debug|x64
		{56AB91FD-4DDA-4711-BF28-1D68D80528AF}.Debug|x64.Build.0 = Debug|x64
		{56AB91FD-4DDA-4711-BF28-1D68D80528AF}.Debug|x86.ActiveCfg = Debug|Win32
		{56AB91FD-4DDA-4711-BF28-1D68D80528AF}.Debug|x86.Build.0 = Debug|Win32
		{56AB91FD-4DDA-4711-BF28-1D68D80528AF}.Release|x64.ActiveCfg = Release|x64
		{56AB91FD-4DDA-4711-BF28-1D68D80528AF}.Release|x64.Build.0 = Release|x64
		{56AB91FD-4DDA-4711-BF28-1D68D80528AF}.Release|x86.ActiveCfg = Release|Win32
		{56AB91FD-4DDA-4711-BF28-1D68D80528AF}.Release|x86.Build.0 = Release|Win32
	EndGlobalSection
	GlobalSection(SolutionProperties) = preSolution
		HideSolutionNode = FALSE
	EndGlobalSection
	GlobalSection(NestedProjects) = preSolution
		{8B23EDF2-EBA3-457D-838E-58BDB7015B3C} = {D46C26A5-8AB5-4377-B696-B1ECC6367DB8}
		{44CDB3D2-7870-4942-8973-2EE4CF4FA74F} = {D46C26A5-8AB5-4377-B696-B1ECC6367DB8}
		{D8765420-7B09-4457-9B34-CA7E48DBDC1F} = {65D6E1E0-4E98-41EB-A2E2-1112B7B0CF52}
		{511FE517-72A5-4211-B938-98C5637297DD} = {A0AD8F7E-C35E-4393-9B85-36C23B3C5075}
		{56AB91FD-4DDA-4711-BF28-1D68D80528AF} = {A0AD8F7E-C35E-4393-9B85-36C23B3C5075}
	EndGlobalSection
	GlobalSection(ExtensibilityGlobals) = postSolution
		SolutionGuid = {F2C902F6-8AD0-4E6F-A0ED-88E17EF423D5}
	EndGlobalSection
EndGlobal
